// !$*UTF8*$!
{
	archiveVersion = 1;
	classes = {
	};
	objectVersion = 46;
	objects = {

/* Begin PBXBuildFile section */
		6D56D48E1D8A017300948545 /* AppDelegate.swift in Sources */ = {isa = PBXBuildFile; fileRef = 6D56D48D1D8A017300948545 /* AppDelegate.swift */; };
		6D56D4901D8A017300948545 /* ViewController.swift in Sources */ = {isa = PBXBuildFile; fileRef = 6D56D48F1D8A017300948545 /* ViewController.swift */; };
		6D56D4931D8A017300948545 /* Main.storyboard in Resources */ = {isa = PBXBuildFile; fileRef = 6D56D4911D8A017300948545 /* Main.storyboard */; };
		6D56D4951D8A017300948545 /* Assets.xcassets in Resources */ = {isa = PBXBuildFile; fileRef = 6D56D4941D8A017300948545 /* Assets.xcassets */; };
		6D56D4981D8A017300948545 /* LaunchScreen.storyboard in Resources */ = {isa = PBXBuildFile; fileRef = 6D56D4961D8A017300948545 /* LaunchScreen.storyboard */; };
		6D56D4AF1D8A027700948545 /* GeofenceCacheItemTests.swift in Sources */ = {isa = PBXBuildFile; fileRef = 6D56D4AD1D8A027700948545 /* GeofenceCacheItemTests.swift */; };
		6D56D4B01D8A027700948545 /* GeofenceCacheTests.swift in Sources */ = {isa = PBXBuildFile; fileRef = 6D56D4AE1D8A027700948545 /* GeofenceCacheTests.swift */; };
		6D56D4B31D8A028300948545 /* GeofenceCache.swift in Sources */ = {isa = PBXBuildFile; fileRef = 6D56D4B11D8A028300948545 /* GeofenceCache.swift */; };
		6D56D4B41D8A028300948545 /* GeofenceCacheItem.swift in Sources */ = {isa = PBXBuildFile; fileRef = 6D56D4B21D8A028300948545 /* GeofenceCacheItem.swift */; };
		6D56D4B91D8A030100948545 /* Nimble.framework in Frameworks */ = {isa = PBXBuildFile; fileRef = 6D56D4B51D8A02BA00948545 /* Nimble.framework */; };
		6D56D4BB1D8A031400948545 /* Nimble.framework in CopyFiles */ = {isa = PBXBuildFile; fileRef = 6D56D4B51D8A02BA00948545 /* Nimble.framework */; settings = {ATTRIBUTES = (CodeSignOnCopy, RemoveHeadersOnCopy, ); }; };
/* End PBXBuildFile section */

/* Begin PBXContainerItemProxy section */
		6D56D49F1D8A017400948545 /* PBXContainerItemProxy */ = {
			isa = PBXContainerItemProxy;
			containerPortal = 6D56D4821D8A017300948545 /* Project object */;
			proxyType = 1;
			remoteGlobalIDString = 6D56D4891D8A017300948545;
			remoteInfo = "swift-nscoding-demo";
		};
/* End PBXContainerItemProxy section */

/* Begin PBXCopyFilesBuildPhase section */
		6D56D4BA1D8A030B00948545 /* CopyFiles */ = {
			isa = PBXCopyFilesBuildPhase;
			buildActionMask = 2147483647;
			dstPath = "";
			dstSubfolderSpec = 10;
			files = (
				6D56D4BB1D8A031400948545 /* Nimble.framework in CopyFiles */,
			);
			runOnlyForDeploymentPostprocessing = 0;
		};
/* End PBXCopyFilesBuildPhase section */

/* Begin PBXFileReference section */
		6D56D48A1D8A017300948545 /* swift-nscoding-demo.app */ = {isa = PBXFileReference; explicitFileType = wrapper.application; includeInIndex = 0; path = "swift-nscoding-demo.app"; sourceTree = BUILT_PRODUCTS_DIR; };
		6D56D48D1D8A017300948545 /* AppDelegate.swift */ = {isa = PBXFileReference; lastKnownFileType = sourcecode.swift; path = AppDelegate.swift; sourceTree = "<group>"; };
		6D56D48F1D8A017300948545 /* ViewController.swift */ = {isa = PBXFileReference; lastKnownFileType = sourcecode.swift; path = ViewController.swift; sourceTree = "<group>"; };
		6D56D4921D8A017300948545 /* Base */ = {isa = PBXFileReference; lastKnownFileType = file.storyboard; name = Base; path = Base.lproj/Main.storyboard; sourceTree = "<group>"; };
		6D56D4941D8A017300948545 /* Assets.xcassets */ = {isa = PBXFileReference; lastKnownFileType = folder.assetcatalog; path = Assets.xcassets; sourceTree = "<group>"; };
		6D56D4971D8A017300948545 /* Base */ = {isa = PBXFileReference; lastKnownFileType = file.storyboard; name = Base; path = Base.lproj/LaunchScreen.storyboard; sourceTree = "<group>"; };
		6D56D4991D8A017300948545 /* Info.plist */ = {isa = PBXFileReference; lastKnownFileType = text.plist.xml; path = Info.plist; sourceTree = "<group>"; };
		6D56D49E1D8A017400948545 /* swift-nscoding-demoTests.xctest */ = {isa = PBXFileReference; explicitFileType = wrapper.cfbundle; includeInIndex = 0; path = "swift-nscoding-demoTests.xctest"; sourceTree = BUILT_PRODUCTS_DIR; };
		6D56D4A41D8A017400948545 /* Info.plist */ = {isa = PBXFileReference; lastKnownFileType = text.plist.xml; path = Info.plist; sourceTree = "<group>"; };
		6D56D4AD1D8A027700948545 /* GeofenceCacheItemTests.swift */ = {isa = PBXFileReference; fileEncoding = 4; lastKnownFileType = sourcecode.swift; path = GeofenceCacheItemTests.swift; sourceTree = "<group>"; };
		6D56D4AE1D8A027700948545 /* GeofenceCacheTests.swift */ = {isa = PBXFileReference; fileEncoding = 4; lastKnownFileType = sourcecode.swift; path = GeofenceCacheTests.swift; sourceTree = "<group>"; };
		6D56D4B11D8A028300948545 /* GeofenceCache.swift */ = {isa = PBXFileReference; fileEncoding = 4; lastKnownFileType = sourcecode.swift; path = GeofenceCache.swift; sourceTree = "<group>"; };
		6D56D4B21D8A028300948545 /* GeofenceCacheItem.swift */ = {isa = PBXFileReference; fileEncoding = 4; lastKnownFileType = sourcecode.swift; path = GeofenceCacheItem.swift; sourceTree = "<group>"; };
		6D56D4B51D8A02BA00948545 /* Nimble.framework */ = {isa = PBXFileReference; lastKnownFileType = wrapper.framework; name = Nimble.framework; path = Carthage/Build/iOS/Nimble.framework; sourceTree = "<group>"; };
/* End PBXFileReference section */

/* Begin PBXFrameworksBuildPhase section */
		6D56D4871D8A017300948545 /* Frameworks */ = {
			isa = PBXFrameworksBuildPhase;
			buildActionMask = 2147483647;
			files = (
			);
			runOnlyForDeploymentPostprocessing = 0;
		};
		6D56D49B1D8A017400948545 /* Frameworks */ = {
			isa = PBXFrameworksBuildPhase;
			buildActionMask = 2147483647;
			files = (
				6D56D4B91D8A030100948545 /* Nimble.framework in Frameworks */,
			);
			runOnlyForDeploymentPostprocessing = 0;
		};
/* End PBXFrameworksBuildPhase section */

/* Begin PBXGroup section */
		6D56D4811D8A017300948545 = {
			isa = PBXGroup;
			children = (
				6D56D4B51D8A02BA00948545 /* Nimble.framework */,
				6D56D48C1D8A017300948545 /* swift-nscoding-demo */,
				6D56D4A11D8A017400948545 /* swift-nscoding-demoTests */,
				6D56D48B1D8A017300948545 /* Products */,
			);
			sourceTree = "<group>";
		};
		6D56D48B1D8A017300948545 /* Products */ = {
			isa = PBXGroup;
			children = (
				6D56D48A1D8A017300948545 /* swift-nscoding-demo.app */,
				6D56D49E1D8A017400948545 /* swift-nscoding-demoTests.xctest */,
			);
			name = Products;
			sourceTree = "<group>";
		};
		6D56D48C1D8A017300948545 /* swift-nscoding-demo */ = {
			isa = PBXGroup;
			children = (
				6D56D4B11D8A028300948545 /* GeofenceCache.swift */,
				6D56D4B21D8A028300948545 /* GeofenceCacheItem.swift */,
				6D56D48D1D8A017300948545 /* AppDelegate.swift */,
				6D56D48F1D8A017300948545 /* ViewController.swift */,
				6D56D4911D8A017300948545 /* Main.storyboard */,
				6D56D4941D8A017300948545 /* Assets.xcassets */,
				6D56D4961D8A017300948545 /* LaunchScreen.storyboard */,
				6D56D4991D8A017300948545 /* Info.plist */,
			);
			path = "swift-nscoding-demo";
			sourceTree = "<group>";
		};
		6D56D4A11D8A017400948545 /* swift-nscoding-demoTests */ = {
			isa = PBXGroup;
			children = (
				6D56D4AD1D8A027700948545 /* GeofenceCacheItemTests.swift */,
				6D56D4AE1D8A027700948545 /* GeofenceCacheTests.swift */,
				6D56D4A41D8A017400948545 /* Info.plist */,
			);
			path = "swift-nscoding-demoTests";
			sourceTree = "<group>";
		};
/* End PBXGroup section */

/* Begin PBXNativeTarget section */
		6D56D4891D8A017300948545 /* swift-nscoding-demo */ = {
			isa = PBXNativeTarget;
			buildConfigurationList = 6D56D4A71D8A017400948545 /* Build configuration list for PBXNativeTarget "swift-nscoding-demo" */;
			buildPhases = (
				6D56D4861D8A017300948545 /* Sources */,
				6D56D4871D8A017300948545 /* Frameworks */,
				6D56D4881D8A017300948545 /* Resources */,
			);
			buildRules = (
			);
			dependencies = (
			);
			name = "swift-nscoding-demo";
			productName = "swift-nscoding-demo";
			productReference = 6D56D48A1D8A017300948545 /* swift-nscoding-demo.app */;
			productType = "com.apple.product-type.application";
		};
		6D56D49D1D8A017400948545 /* swift-nscoding-demoTests */ = {
			isa = PBXNativeTarget;
			buildConfigurationList = 6D56D4AA1D8A017400948545 /* Build configuration list for PBXNativeTarget "swift-nscoding-demoTests" */;
			buildPhases = (
				6D56D49A1D8A017400948545 /* Sources */,
				6D56D49B1D8A017400948545 /* Frameworks */,
				6D56D49C1D8A017400948545 /* Resources */,
				6D56D4BA1D8A030B00948545 /* CopyFiles */,
			);
			buildRules = (
			);
			dependencies = (
				6D56D4A01D8A017400948545 /* PBXTargetDependency */,
			);
			name = "swift-nscoding-demoTests";
			productName = "swift-nscoding-demoTests";
			productReference = 6D56D49E1D8A017400948545 /* swift-nscoding-demoTests.xctest */;
			productType = "com.apple.product-type.bundle.unit-test";
		};
/* End PBXNativeTarget section */

/* Begin PBXProject section */
		6D56D4821D8A017300948545 /* Project object */ = {
			isa = PBXProject;
			attributes = {
				LastSwiftUpdateCheck = 0730;
				LastUpgradeCheck = 0730;
				ORGANIZATIONNAME = Philips;
				TargetAttributes = {
					6D56D4891D8A017300948545 = {
						CreatedOnToolsVersion = 7.3.1;
					};
					6D56D49D1D8A017400948545 = {
						CreatedOnToolsVersion = 7.3.1;
						TestTargetID = 6D56D4891D8A017300948545;
					};
				};
			};
			buildConfigurationList = 6D56D4851D8A017300948545 /* Build configuration list for PBXProject "swift-nscoding-demo" */;
			compatibilityVersion = "Xcode 3.2";
			developmentRegion = English;
			hasScannedForEncodings = 0;
			knownRegions = (
				en,
				Base,
			);
			mainGroup = 6D56D4811D8A017300948545;
			productRefGroup = 6D56D48B1D8A017300948545 /* Products */;
			projectDirPath = "";
			projectRoot = "";
			targets = (
				6D56D4891D8A017300948545 /* swift-nscoding-demo */,
				6D56D49D1D8A017400948545 /* swift-nscoding-demoTests */,
			);
		};
/* End PBXProject section */

/* Begin PBXResourcesBuildPhase section */
		6D56D4881D8A017300948545 /* Resources */ = {
			isa = PBXResourcesBuildPhase;
			buildActionMask = 2147483647;
			files = (
				6D56D4981D8A017300948545 /* LaunchScreen.storyboard in Resources */,
				6D56D4951D8A017300948545 /* Assets.xcassets in Resources */,
				6D56D4931D8A017300948545 /* Main.storyboard in Resources */,
			);
			runOnlyForDeploymentPostprocessing = 0;
		};
		6D56D49C1D8A017400948545 /* Resources */ = {
			isa = PBXResourcesBuildPhase;
			buildActionMask = 2147483647;
			files = (
			);
			runOnlyForDeploymentPostprocessing = 0;
		};
/* End PBXResourcesBuildPhase section */

/* Begin PBXSourcesBuildPhase section */
		6D56D4861D8A017300948545 /* Sources */ = {
			isa = PBXSourcesBuildPhase;
			buildActionMask = 2147483647;
			files = (
				6D56D4901D8A017300948545 /* ViewController.swift in Sources */,
				6D56D4B41D8A028300948545 /* GeofenceCacheItem.swift in Sources */,
				6D56D48E1D8A017300948545 /* AppDelegate.swift in Sources */,
				6D56D4B31D8A028300948545 /* GeofenceCache.swift in Sources */,
			);
			runOnlyForDeploymentPostprocessing = 0;
		};
		6D56D49A1D8A017400948545 /* Sources */ = {
			isa = PBXSourcesBuildPhase;
			buildActionMask = 2147483647;
			files = (
				6D56D4AF1D8A027700948545 /* GeofenceCacheItemTests.swift in Sources */,
				6D56D4B01D8A027700948545 /* GeofenceCacheTests.swift in Sources */,
			);
			runOnlyForDeploymentPostprocessing = 0;
		};
/* End PBXSourcesBuildPhase section */

/* Begin PBXTargetDependency section */
		6D56D4A01D8A017400948545 /* PBXTargetDependency */ = {
			isa = PBXTargetDependency;
			target = 6D56D4891D8A017300948545 /* swift-nscoding-demo */;
			targetProxy = 6D56D49F1D8A017400948545 /* PBXContainerItemProxy */;
		};
/* End PBXTargetDependency section */

/* Begin PBXVariantGroup section */
		6D56D4911D8A017300948545 /* Main.storyboard */ = {
			isa = PBXVariantGroup;
			children = (
				6D56D4921D8A017300948545 /* Base */,
			);
			name = Main.storyboard;
			sourceTree = "<group>";
		};
		6D56D4961D8A017300948545 /* LaunchScreen.storyboard */ = {
			isa = PBXVariantGroup;
			children = (
				6D56D4971D8A017300948545 /* Base */,
			);
			name = LaunchScreen.storyboard;
			sourceTree = "<group>";
		};
/* End PBXVariantGroup section */

/* Begin XCBuildConfiguration section */
		6D56D4A51D8A017400948545 /* Debug */ = {
			isa = XCBuildConfiguration;
			buildSettings = {
				ALWAYS_SEARCH_USER_PATHS = NO;
				CLANG_ANALYZER_NONNULL = YES;
				CLANG_CXX_LANGUAGE_STANDARD = "gnu++0x";
				CLANG_CXX_LIBRARY = "libc++";
				CLANG_ENABLE_MODULES = YES;
				CLANG_ENABLE_OBJC_ARC = YES;
				CLANG_WARN_BOOL_CONVERSION = YES;
				CLANG_WARN_CONSTANT_CONVERSION = YES;
				CLANG_WARN_DIRECT_OBJC_ISA_USAGE = YES_ERROR;
				CLANG_WARN_EMPTY_BODY = YES;
				CLANG_WARN_ENUM_CONVERSION = YES;
				CLANG_WARN_INT_CONVERSION = YES;
				CLANG_WARN_OBJC_ROOT_CLASS = YES_ERROR;
				CLANG_WARN_UNREACHABLE_CODE = YES;
				CLANG_WARN__DUPLICATE_METHOD_MATCH = YES;
				"CODE_SIGN_IDENTITY[sdk=iphoneos*]" = "iPhone Developer";
				COPY_PHASE_STRIP = NO;
				DEBUG_INFORMATION_FORMAT = dwarf;
				ENABLE_STRICT_OBJC_MSGSEND = YES;
				ENABLE_TESTABILITY = YES;
				GCC_C_LANGUAGE_STANDARD = gnu99;
				GCC_DYNAMIC_NO_PIC = NO;
				GCC_NO_COMMON_BLOCKS = YES;
				GCC_OPTIMIZATION_LEVEL = 0;
				GCC_PREPROCESSOR_DEFINITIONS = (
					"DEBUG=1",
					"$(inherited)",
				);
				GCC_WARN_64_TO_32_BIT_CONVERSION = YES;
				GCC_WARN_ABOUT_RETURN_TYPE = YES_ERROR;
				GCC_WARN_UNDECLARED_SELECTOR = YES;
				GCC_WARN_UNINITIALIZED_AUTOS = YES_AGGRESSIVE;
				GCC_WARN_UNUSED_FUNCTION = YES;
				GCC_WARN_UNUSED_VARIABLE = YES;
				IPHONEOS_DEPLOYMENT_TARGET = 9.3;
				MTL_ENABLE_DEBUG_INFO = YES;
				ONLY_ACTIVE_ARCH = YES;
				SDKROOT = iphoneos;
				SWIFT_OPTIMIZATION_LEVEL = "-Onone";
			};
			name = Debug;
		};
		6D56D4A61D8A017400948545 /* Release */ = {
			isa = XCBuildConfiguration;
			buildSettings = {
				ALWAYS_SEARCH_USER_PATHS = NO;
				CLANG_ANALYZER_NONNULL = YES;
				CLANG_CXX_LANGUAGE_STANDARD = "gnu++0x";
				CLANG_CXX_LIBRARY = "libc++";
				CLANG_ENABLE_MODULES = YES;
				CLANG_ENABLE_OBJC_ARC = YES;
				CLANG_WARN_BOOL_CONVERSION = YES;
				CLANG_WARN_CONSTANT_CONVERSION = YES;
				CLANG_WARN_DIRECT_OBJC_ISA_USAGE = YES_ERROR;
				CLANG_WARN_EMPTY_BODY = YES;
				CLANG_WARN_ENUM_CONVERSION = YES;
				CLANG_WARN_INT_CONVERSION = YES;
				CLANG_WARN_OBJC_ROOT_CLASS = YES_ERROR;
				CLANG_WARN_UNREACHABLE_CODE = YES;
				CLANG_WARN__DUPLICATE_METHOD_MATCH = YES;
				"CODE_SIGN_IDENTITY[sdk=iphoneos*]" = "iPhone Developer";
				COPY_PHASE_STRIP = NO;
				DEBUG_INFORMATION_FORMAT = "dwarf-with-dsym";
				ENABLE_NS_ASSERTIONS = NO;
				ENABLE_STRICT_OBJC_MSGSEND = YES;
				GCC_C_LANGUAGE_STANDARD = gnu99;
				GCC_NO_COMMON_BLOCKS = YES;
				GCC_WARN_64_TO_32_BIT_CONVERSION = YES;
				GCC_WARN_ABOUT_RETURN_TYPE = YES_ERROR;
				GCC_WARN_UNDECLARED_SELECTOR = YES;
				GCC_WARN_UNINITIALIZED_AUTOS = YES_AGGRESSIVE;
				GCC_WARN_UNUSED_FUNCTION = YES;
				GCC_WARN_UNUSED_VARIABLE = YES;
				IPHONEOS_DEPLOYMENT_TARGET = 9.3;
				MTL_ENABLE_DEBUG_INFO = NO;
				SDKROOT = iphoneos;
				VALIDATE_PRODUCT = YES;
			};
			name = Release;
		};
		6D56D4A81D8A017400948545 /* Debug */ = {
			isa = XCBuildConfiguration;
			buildSettings = {
				ASSETCATALOG_COMPILER_APPICON_NAME = AppIcon;
				FRAMEWORK_SEARCH_PATHS = (
					"$(inherited)",
					"$(PROJECT_DIR)/Carthage/Build/iOS",
				);
				INFOPLIST_FILE = "swift-nscoding-demo/Info.plist";
				LD_RUNPATH_SEARCH_PATHS = "$(inherited) @executable_path/Frameworks";
				PRODUCT_BUNDLE_IDENTIFIER = "com.philips.research.swift-nscoding-demo";
				PRODUCT_NAME = "$(TARGET_NAME)";
			};
			name = Debug;
		};
		6D56D4A91D8A017400948545 /* Release */ = {
			isa = XCBuildConfiguration;
			buildSettings = {
				ASSETCATALOG_COMPILER_APPICON_NAME = AppIcon;
				FRAMEWORK_SEARCH_PATHS = (
					"$(inherited)",
					"$(PROJECT_DIR)/Carthage/Build/iOS",
				);
				INFOPLIST_FILE = "swift-nscoding-demo/Info.plist";
				LD_RUNPATH_SEARCH_PATHS = "$(inherited) @executable_path/Frameworks";
				PRODUCT_BUNDLE_IDENTIFIER = "com.philips.research.swift-nscoding-demo";
				PRODUCT_NAME = "$(TARGET_NAME)";
			};
			name = Release;
		};
		6D56D4AB1D8A017400948545 /* Debug */ = {
			isa = XCBuildConfiguration;
			buildSettings = {
				BUNDLE_LOADER = "$(TEST_HOST)";
				FRAMEWORK_SEARCH_PATHS = (
					"$(inherited)",
					"$(PROJECT_DIR)/Carthage/Build/iOS",
				);
				INFOPLIST_FILE = "swift-nscoding-demoTests/Info.plist";
				LD_RUNPATH_SEARCH_PATHS = "$(inherited) @executable_path/Frameworks @loader_path/Frameworks";
				PRODUCT_BUNDLE_IDENTIFIER = "com.philips.research.swift-nscoding-demoTests";
				PRODUCT_NAME = "$(TARGET_NAME)";
				TEST_HOST = "$(BUILT_PRODUCTS_DIR)/swift-nscoding-demo.app/swift-nscoding-demo";
			};
			name = Debug;
		};
		6D56D4AC1D8A017400948545 /* Release */ = {
			isa = XCBuildConfiguration;
			buildSettings = {
				BUNDLE_LOADER = "$(TEST_HOST)";
				FRAMEWORK_SEARCH_PATHS = (
					"$(inherited)",
					"$(PROJECT_DIR)/Carthage/Build/iOS",
				);
				INFOPLIST_FILE = "swift-nscoding-demoTests/Info.plist";
				LD_RUNPATH_SEARCH_PATHS = "$(inherited) @executable_path/Frameworks @loader_path/Frameworks";
				PRODUCT_BUNDLE_IDENTIFIER = "com.philips.research.swift-nscoding-demoTests";
				PRODUCT_NAME = "$(TARGET_NAME)";
				TEST_HOST = "$(BUILT_PRODUCTS_DIR)/swift-nscoding-demo.app/swift-nscoding-demo";
			};
			name = Release;
		};
/* End XCBuildConfiguration section */

/* Begin XCConfigurationList section */
		6D56D4851D8A017300948545 /* Build configuration list for PBXProject "swift-nscoding-demo" */ = {
			isa = XCConfigurationList;
			buildConfigurations = (
				6D56D4A51D8A017400948545 /* Debug */,
				6D56D4A61D8A017400948545 /* Release */,
			);
			defaultConfigurationIsVisible = 0;
			defaultConfigurationName = Release;
		};
		6D56D4A71D8A017400948545 /* Build configuration list for PBXNativeTarget "swift-nscoding-demo" */ = {
			isa = XCConfigurationList;
			buildConfigurations = (
				6D56D4A81D8A017400948545 /* Debug */,
				6D56D4A91D8A017400948545 /* Release */,
			);
			defaultConfigurationIsVisible = 0;
		};
		6D56D4AA1D8A017400948545 /* Build configuration list for PBXNativeTarget "swift-nscoding-demoTests" */ = {
			isa = XCConfigurationList;
			buildConfigurations = (
				6D56D4AB1D8A017400948545 /* Debug */,
				6D56D4AC1D8A017400948545 /* Release */,
			);
			defaultConfigurationIsVisible = 0;
		};
/* End XCConfigurationList section */
	};
	rootObject = 6D56D4821D8A017300948545 /* Project object */;
}
